github.com/hslam/atomic v1.0.0 h1:SsmCXMmqCZSG2bgM88T+8jPxS92I9UBzIk9mjHA/f54=
github.com/hslam/atomic v1.0.0/go.mod h1:yjfeGE7YdIqlKoUGWXWvG8E7SK1YCxQ0uyjCpfK/SLg=
github.com/hslam/code v1.0.1 h1:xl/xAi5Xy68Qsoe0lvsobPeQ7RhBq+tCwbCl857VUrE=
github.com/hslam/code v1.0.1/go.mod h1:XdrE1+PuRCUDrZogV+seq9n7dFU/gxpDM76ipEo/aUk=
github.com/hslam/funcs v1.0.1 h1:dsPsAWVrDfLH1H4Kh7vtU/yrp21P6MmkGU4hVF1MfzY=
github.com/hslam/funcs v1.0.1/go.mod h1:KyY5JoFH01sc4UpHKeGCmGTRdNoCQta0OM6JZ5lWMwU=
github.com/hslam/log v1.0.1 h1:PA5C/EWHoSVpFPosquk2LTWygGPkMP5LADmpwvUOMtA=
github.com/hslam/log v1.0.1/go.mod h1:dqeIT0IEmfN+v5/ptoz6yYHzjqt5kAjtqV7nUXVeXBg=
github.com/hslam/mmap v1.0.0 h1:GSp55lZrPDhctob3yE0SqESBjzgCn9cP4iu4Pmmm+gE=
github.com/hslam/mmap v1.0.0/go.mod h1:mtuj54WoaupC65QteY9RubXVPkQT86Q/Xj0WPzRefFw=
github.com/hslam/netpoll v0.0.2 h1:mzdK0qocjWDzK51ED3kvKvKQBOT9jSwJisLfVapegk0=
github.com/hslam/netpoll v0.0.2/go.mod h1:SlOdxCP03SlA5HWtq5vuVGtDG1UR42CCEv6MSnregQg=
github.com/hslam/rpc v0.0.3 h1:zD6qS40bVvXEtPoRqkhT3/awMLWad51hwRYNOyrzx3Y=
github.com/hslam/rpc v0.0.3/go.mod h1:Ae5sz9RHCC/g8pmeRcuLNPwdev3t1RllbheEG8h47z0=
github.com/hslam/sendfile v1.0.0 h1:kAOsxqvTyHseaUC7smR6uqpKQFFkuizhEtVITuluxn0=
github.com/hslam/sendfile v1.0.0/go.mod h1:IVInXNh7ccvv6fdFkcC3gRGCH7E+fRsTlyBnftCAk5A=
github.com/hslam/socket v0.0.2 h1:RF01FZK+VEnZIWjC6MibK6tMcKLuAwhLI0frxNLokXo=
github.com/hslam/socket v0.0.2/go.mod h1:4YDvObieFQ+ma2D2iIin9RmxGgw3u9eSLLpuLFhUzmM=
github.com/hslam/sortedlist v1.0.0 h1:kGGZg7m39n4KINBdEblayRamehBzhJ6HVZTkKQK5H7c=
github.com/hslam/sortedlist v1.0.0/go.mod h1:imZe+DoceVZdQ7yTak/YTsn8F4JJkllQ8PAsMgoPHEs=
github.com/hslam/splice v1.0.1 h1:kaSQzUWm6t0bkQKLw4BT77+Z0G/0cacGAj9lxQjw26c=
github.com/hslam/splice v1.0.1/go.mod h1:7D1QlFptoG0ruXzcAwpzckKxUN4+ZpvrIhwfbcAQcx8=
github.com/hslam/stats v1.0.1/go.mod h1:Mk3c/vBiti7zxQFsvQVpg4BVL35bHxbgJooX+qEKyuQ=
github.com/hslam/tar v0.0.1 h1:XnuqWca3F8DlofJNqNCHJX8pK+k+Hw5z4m4r5/AjjFw=
github.com/hslam/tar v0.0.1/go.mod h1:DSW7oJr1hnw7Af421Ry7zZIn62LhdVU0/Avj/CVHJvo=
github.com/hslam/timer v1.0.0 h1:PWXSbNb/EJzqeD7+jF4Z6xI0sD7mIcxy2WNGKNf0GIE=
github.com/hslam/timer v1.0.0/go.mod h1:Hnbw1g9GU52+3Ve5DGWXL/ssqqYhgxEQpxSx7g8tPhY=
github.com/hslam/wal v0.0.1 h1:5xz8d8NSXN8mvkxHSY+zG0hN5ZWn4547RFCz1y49AVk=
github.com/hslam/wal v0.0.1/go.mod h1:WZyZKGs1Kgq5zbXkw/b29EFeb1oG0EFqbbx4SAbOREU=
github.com/hslam/websocket v0.1.0 h1:/9+c1Vz8JgEbxjjG5w0LLYHTKs75CymePddewYUCBP4=
github.com/hslam/websocket v0.1.0/go.mod h1:xoT2ngru7DdKgoaX1As6SbclSReRLjhYeqNoBLiqEZo=
github.com/hslam/writer v1.0.0 h1:4utMtVZoH1QF+nzQBdiVj1Yl76VwrjfHN1PUd+dNHo0=
github.com/hslam/writer v1.0.0/go.mod h1:DJTidm2vEiuE6ZOOpqc/PnW6C9XipodkRPE/b2hxXA0=
